// !$*UTF8*$!
{
	archiveVersion = 1;
	classes = {
	};
	objectVersion = 46;
	objects = {

/* Begin PBXBuildFile section */
		093A9FAC0598B7202072A358 /* FWASourcesViewController.m in Sources */ = {isa = PBXBuildFile; fileRef = 02231E0030F48DDF18723982 /* FWASourcesViewController.m */; };
		09BF58FD5916BE2707778D80 /* Pods_FunWithActivityCoreTests.framework in Frameworks */ = {isa = PBXBuildFile; fileRef = 3EE39740DF8D78DF6449CB0A /* Pods_FunWithActivityCoreTests.framework */; };
		105EA71487EB140809224392 /* AppDelegate.m in Sources */ = {isa = PBXBuildFile; fileRef = 65A9D9A67E35CB8D6BD60AC9 /* AppDelegate.m */; };
		2DBB88501617AFCB7B5DD551 /* FWARecommendationDetailViewController.m in Sources */ = {isa = PBXBuildFile; fileRef = 4F35F19CBD0BA95F5CED20B5 /* FWARecommendationDetailViewController.m */; };
		2F3BE40928B42B16383FB5AA /* FWAProfileViewController.m in Sources */ = {isa = PBXBuildFile; fileRef = 69E947B6A035B067496955F5 /* FWAProfileViewController.m */; };
		3AD14FCEAC18F44B11CC7BDD /* FWAGRPCClient.m in Sources */ = {isa = PBXBuildFile; fileRef = 6573B8021F2CA8E994DB6354 /* FWAGRPCClient.m */; };
		3E944F4B6F5897B6023C67E8 /* libFunWithActivityCore.a in Frameworks */ = {isa = PBXBuildFile; fileRef = 39C394AB779A009120E1C267 /* libFunWithActivityCore.a */; };
		426684B26F1260F2C002A6C5 /* FWAProviderStatusPresentation.m in Sources */ = {isa = PBXBuildFile; fileRef = 0B1095B460232126A405C70A /* FWAProviderStatusPresentation.m */; };
		5E992314498A4958D45DC763 /* Pods_FunWithActivityCore.framework in Frameworks */ = {isa = PBXBuildFile; fileRef = 6BD0C76CEF4EA8D5C7FDBC9C /* Pods_FunWithActivityCore.framework */; };
		5EED003A2087B605B640522B /* Recommendations.pbrpc.m in Sources */ = {isa = PBXBuildFile; fileRef = F40842AE206C2C09111F4A60 /* Recommendations.pbrpc.m */; settings = {COMPILER_FLAGS = "-fno-objc-arc"; }; };
		61EBC55411E6DA75F1E48C26 /* FWASourceDetailViewController.m in Sources */ = {isa = PBXBuildFile; fileRef = DC8D060F8C1BD164A6095299 /* FWASourceDetailViewController.m */; };
		65CC56FDF3E76546AB533DB4 /* Foundation.framework in Frameworks */ = {isa = PBXBuildFile; fileRef = C2AB6F5D4ECE19C9643A7C1F /* Foundation.framework */; };
		8A7D9B32EE1777D02B0D61B8 /* main.m in Sources */ = {isa = PBXBuildFile; fileRef = D4E4C168ACA53A8F75A0ACB1 /* main.m */; };
		8BD342E96886F6E12DC4495A /* FWAChartGeometry.m in Sources */ = {isa = PBXBuildFile; fileRef = A607A9E10611044F9A81E857 /* FWAChartGeometry.m */; };
		967541FA686C9E4D22D3990B /* FWAAppState.m in Sources */ = {isa = PBXBuildFile; fileRef = CFD47DF50D1D06FEEE4AE2FC /* FWAAppState.m */; };
		9CDFE1FAAFDD64DE7FA94FDD /* FWAChartView.m in Sources */ = {isa = PBXBuildFile; fileRef = DC984202D93E52289B8E1D4F /* FWAChartView.m */; };
		A3258AD534514B1CAB7270AD /* Pods_FunWithActivity.framework in Frameworks */ = {isa = PBXBuildFile; fileRef = BBBA0B457CCAF6E9706C5644 /* Pods_FunWithActivity.framework */; };
		A60C75A0414A66EA58CED822 /* FWAChartsViewController.m in Sources */ = {isa = PBXBuildFile; fileRef = 38FAF29A0C8CA40F4C40C739 /* FWAChartsViewController.m */; };
		A76B526911A204CC526DCF40 /* FWAHealthKitService.m in Sources */ = {isa = PBXBuildFile; fileRef = BC3EAD07B125545712C669F7 /* FWAHealthKitService.m */; };
		C754407077D57648B1197482 /* FWARecommendationsViewController.m in Sources */ = {isa = PBXBuildFile; fileRef = EF5F4885533B9308F4C473F6 /* FWARecommendationsViewController.m */; };
		CDBAFFC305A48B5585714C89 /* Assets.xcassets in Resources */ = {isa = PBXBuildFile; fileRef = 40A80778602EF0D96F23089B /* Assets.xcassets */; };
		CE51F2C5AE222CEF166EE2D2 /* FWAProviderStatusPresentationTests.m in Sources */ = {isa = PBXBuildFile; fileRef = C59F6188852625B927D2720A /* FWAProviderStatusPresentationTests.m */; };
		D75D6D3154D0A09A1F2884A2 /* Foundation.framework in Frameworks */ = {isa = PBXBuildFile; fileRef = C2AB6F5D4ECE19C9643A7C1F /* Foundation.framework */; };
		D7957FA29E37A4D1B92E985D /* FWAAddSourceViewController.m in Sources */ = {isa = PBXBuildFile; fileRef = 4E366728FD11CFBABEFC2F0D /* FWAAddSourceViewController.m */; };
		EA4AB8347B07ED6A84A3BAF0 /* libFunWithActivityCore.a in Frameworks */ = {isa = PBXBuildFile; fileRef = 39C394AB779A009120E1C267 /* libFunWithActivityCore.a */; };
		EBE84EA6F403801429B73C8E /* FWAServerConfig.m in Sources */ = {isa = PBXBuildFile; fileRef = 2B945B58740A7DBBAC710BA4 /* FWAServerConfig.m */; };
		ED9421F9126FDB5F011B9D0A /* FWAChartGeometryTests.m in Sources */ = {isa = PBXBuildFile; fileRef = 5CA9C6BFD28E18A2B26B3193 /* FWAChartGeometryTests.m */; };
		EE5C2B7305A07278C7009D8D /* FWASourceStatusFormatting.m in Sources */ = {isa = PBXBuildFile; fileRef = 29A510D9C1C28ABED0AE4D27 /* FWASourceStatusFormatting.m */; };
		EFA20462DA8950A2D875D7E9 /* Recommendations.pbobjc.m in Sources */ = {isa = PBXBuildFile; fileRef = 1810C993D8850F8349898E03 /* Recommendations.pbobjc.m */; settings = {COMPILER_FLAGS = "-fno-objc-arc"; }; };
/* End PBXBuildFile section */

/* Begin PBXContainerItemProxy section */
		8FD8521E0456D5942D5A692F /* PBXContainerItemProxy */ = {
			isa = PBXContainerItemProxy;
			containerPortal = 48BA7B86CA850E9E72427A7B /* Project object */;
			proxyType = 1;
			remoteGlobalIDString = E596C5CE9CA0C39CBF0998B2;
			remoteInfo = FunWithActivityCore;
		};
		F3868C5C7876F4B9D9BCF273 /* PBXContainerItemProxy */ = {
			isa = PBXContainerItemProxy;
			containerPortal = 48BA7B86CA850E9E72427A7B /* Project object */;
			proxyType = 1;
			remoteGlobalIDString = E596C5CE9CA0C39CBF0998B2;
			remoteInfo = FunWithActivityCore;
		};
/* End PBXContainerItemProxy section */

/* Begin PBXFileReference section */
		02231E0030F48DDF18723982 /* FWASourcesViewController.m */ = {isa = PBXFileReference; includeInIndex = 1; lastKnownFileType = sourcecode.c.objc; name = FWASourcesViewController.m; path = ./FunWithActivity/Screens/FWASourcesViewController.m; sourceTree = "<group>"; };
		0B1095B460232126A405C70A /* FWAProviderStatusPresentation.m */ = {isa = PBXFileReference; includeInIndex = 1; lastKnownFileType = sourcecode.c.objc; name = FWAProviderStatusPresentation.m; path = ./FunWithActivityCore/Models/FWAProviderStatusPresentation.m; sourceTree = "<group>"; };
		0BF3282151EBFCFCB7B0B0BF /* FWASourcesViewController.h */ = {isa = PBXFileReference; includeInIndex = 1; lastKnownFileType = sourcecode.c.h; name = FWASourcesViewController.h; path = ./FunWithActivity/Screens/FWASourcesViewController.h; sourceTree = "<group>"; };
		13C728AF2C9C181916BE7FE0 /* FWASourceDetailViewController.h */ = {isa = PBXFileReference; includeInIndex = 1; lastKnownFileType = sourcecode.c.h; name = FWASourceDetailViewController.h; path = ./FunWithActivity/Screens/FWASourceDetailViewController.h; sourceTree = "<group>"; };
		1810C993D8850F8349898E03 /* Recommendations.pbobjc.m */ = {isa = PBXFileReference; includeInIndex = 1; lastKnownFileType = sourcecode.c.objc; name = Recommendations.pbobjc.m; path = ./FunWithActivityCore/Generated/Recommendations.pbobjc.m; sourceTree = "<group>"; };
		29A510D9C1C28ABED0AE4D27 /* FWASourceStatusFormatting.m */ = {isa = PBXFileReference; includeInIndex = 1; lastKnownFileType = sourcecode.c.objc; name = FWASourceStatusFormatting.m; path = ./FunWithActivity/Screens/FWASourceStatusFormatting.m; sourceTree = "<group>"; };
		2B945B58740A7DBBAC710BA4 /* FWAServerConfig.m */ = {isa = PBXFileReference; includeInIndex = 1; lastKnownFileType = sourcecode.c.objc; name = FWAServerConfig.m; path = ./FunWithActivityCore/Networking/FWAServerConfig.m; sourceTree = "<group>"; };
		30D4F46FB21DA597074F7FCB /* Recommendations.pbobjc.h */ = {isa = PBXFileReference; includeInIndex = 1; lastKnownFileType = sourcecode.c.h; name = Recommendations.pbobjc.h; path = ./FunWithActivityCore/Generated/Recommendations.pbobjc.h; sourceTree = "<group>"; };
		38FAF29A0C8CA40F4C40C739 /* FWAChartsViewController.m */ = {isa = PBXFileReference; includeInIndex = 1; lastKnownFileType = sourcecode.c.objc; name = FWAChartsViewController.m; path = ./FunWithActivity/Screens/FWAChartsViewController.m; sourceTree = "<group>"; };
		39C394AB779A009120E1C267 /* libFunWithActivityCore.a */ = {isa = PBXFileReference; explicitFileType = archive.ar; includeInIndex = 0; path = libFunWithActivityCore.a; sourceTree = BUILT_PRODUCTS_DIR; };
		3CFB1AC585D406A7D823C9B0 /* FWAHealthKitService.h */ = {isa = PBXFileReference; includeInIndex = 1; lastKnownFileType = sourcecode.c.h; name = FWAHealthKitService.h; path = ./FunWithActivityCore/Health/FWAHealthKitService.h; sourceTree = "<group>"; };
		3EE39740DF8D78DF6449CB0A /* Pods_FunWithActivityCoreTests.framework */ = {isa = PBXFileReference; explicitFileType = wrapper.framework; includeInIndex = 0; path = Pods_FunWithActivityCoreTests.framework; sourceTree = BUILT_PRODUCTS_DIR; };
		40A80778602EF0D96F23089B /* Assets.xcassets */ = {isa = PBXFileReference; includeInIndex = 1; lastKnownFileType = folder.assetcatalog; name = Assets.xcassets; path = ./FunWithActivity/Resources/Assets.xcassets; sourceTree = "<group>"; };
		47D1B0F10025E1226A7B2FA3 /* Recommendations.pbrpc.h */ = {isa = PBXFileReference; includeInIndex = 1; lastKnownFileType = sourcecode.c.h; name = Recommendations.pbrpc.h; path = ./FunWithActivityCore/Generated/Recommendations.pbrpc.h; sourceTree = "<group>"; };
		47E0082B0790D6F03308951C /* FWAChartView.h */ = {isa = PBXFileReference; includeInIndex = 1; lastKnownFileType = sourcecode.c.h; name = FWAChartView.h; path = ./FunWithActivity/Screens/FWAChartView.h; sourceTree = "<group>"; };
		4B5789AA4DD575BA70EDEFAC /* FunWithActivity.app */ = {isa = PBXFileReference; explicitFileType = wrapper.application; includeInIndex = 0; path = FunWithActivity.app; sourceTree = BUILT_PRODUCTS_DIR; };
		4E366728FD11CFBABEFC2F0D /* FWAAddSourceViewController.m */ = {isa = PBXFileReference; includeInIndex = 1; lastKnownFileType = sourcecode.c.objc; name = FWAAddSourceViewController.m; path = ./FunWithActivity/Screens/FWAAddSourceViewController.m; sourceTree = "<group>"; };
		4F35F19CBD0BA95F5CED20B5 /* FWARecommendationDetailViewController.m */ = {isa = PBXFileReference; includeInIndex = 1; lastKnownFileType = sourcecode.c.objc; name = FWARecommendationDetailViewController.m; path = ./FunWithActivity/Screens/FWARecommendationDetailViewController.m; sourceTree = "<group>"; };
		5CA9C6BFD28E18A2B26B3193 /* FWAChartGeometryTests.m */ = {isa = PBXFileReference; includeInIndex = 1; lastKnownFileType = sourcecode.c.objc; name = FWAChartGeometryTests.m; path = ./FunWithActivityCoreTests/FWAChartGeometryTests.m; sourceTree = "<group>"; };
		60A82126CDC5CAAAB85144EB /* FWAChartsViewController.h */ = {isa = PBXFileReference; includeInIndex = 1; lastKnownFileType = sourcecode.c.h; name = FWAChartsViewController.h; path = ./FunWithActivity/Screens/FWAChartsViewController.h; sourceTree = "<group>"; };
		632AE9BD72D206A8A2E4A6E6 /* AppDelegate.h */ = {isa = PBXFileReference; includeInIndex = 1; lastKnownFileType = sourcecode.c.h; name = AppDelegate.h; path = ./FunWithActivity/Supporting/AppDelegate.h; sourceTree = "<group>"; };
		6573B8021F2CA8E994DB6354 /* FWAGRPCClient.m */ = {isa = PBXFileReference; includeInIndex = 1; lastKnownFileType = sourcecode.c.objc; name = FWAGRPCClient.m; path = ./FunWithActivityCore/Networking/FWAGRPCClient.m; sourceTree = "<group>"; };
		65A9D9A67E35CB8D6BD60AC9 /* AppDelegate.m */ = {isa = PBXFileReference; includeInIndex = 1; lastKnownFileType = sourcecode.c.objc; name = AppDelegate.m; path = ./FunWithActivity/Supporting/AppDelegate.m; sourceTree = "<group>"; };
		69E947B6A035B067496955F5 /* FWAProfileViewController.m */ = {isa = PBXFileReference; includeInIndex = 1; lastKnownFileType = sourcecode.c.objc; name = FWAProfileViewController.m; path = ./FunWithActivity/Screens/FWAProfileViewController.m; sourceTree = "<group>"; };
		6BD0C76CEF4EA8D5C7FDBC9C /* Pods_FunWithActivityCore.framework */ = {isa = PBXFileReference; explicitFileType = wrapper.framework; includeInIndex = 0; path = Pods_FunWithActivityCore.framework; sourceTree = BUILT_PRODUCTS_DIR; };
		78AC2FEEA8D9927CE5BBDDDE /* Pods-FunWithActivityCoreTests.release.xcconfig */ = {isa = PBXFileReference; includeInIndex = 1; lastKnownFileType = text.xcconfig; name = "Pods-FunWithActivityCoreTests.release.xcconfig"; path = "Target Support Files/Pods-FunWithActivityCoreTests/Pods-FunWithActivityCoreTests.release.xcconfig"; sourceTree = "<group>"; };
		7FE7EDBA9193B8F573170E62 /* Pods-FunWithActivityCoreTests.debug.xcconfig */ = {isa = PBXFileReference; includeInIndex = 1; lastKnownFileType = text.xcconfig; name = "Pods-FunWithActivityCoreTests.debug.xcconfig"; path = "Target Support Files/Pods-FunWithActivityCoreTests/Pods-FunWithActivityCoreTests.debug.xcconfig"; sourceTree = "<group>"; };
		872703D6069E12F96AE4E37F /* FWAProfileViewController.h */ = {isa = PBXFileReference; includeInIndex = 1; lastKnownFileType = sourcecode.c.h; name = FWAProfileViewController.h; path = ./FunWithActivity/Screens/FWAProfileViewController.h; sourceTree = "<group>"; };
		89ABF10D2D4B495A27807E59 /* Pods-FunWithActivity.release.xcconfig */ = {isa = PBXFileReference; includeInIndex = 1; lastKnownFileType = text.xcconfig; name = "Pods-FunWithActivity.release.xcconfig"; path = "Target Support Files/Pods-FunWithActivity/Pods-FunWithActivity.release.xcconfig"; sourceTree = "<group>"; };
		8A1B978D5A4FEC0DB0FB9FF3 /* FWAProviderStatusPresentation.h */ = {isa = PBXFileReference; includeInIndex = 1; lastKnownFileType = sourcecode.c.h; name = FWAProviderStatusPresentation.h; path = ./FunWithActivityCore/Models/FWAProviderStatusPresentation.h; sourceTree = "<group>"; };
		8B17D08B173DD51DE782C5CE /* FWAGRPCClient.h */ = {isa = PBXFileReference; includeInIndex = 1; lastKnownFileType = sourcecode.c.h; name = FWAGRPCClient.h; path = ./FunWithActivityCore/Networking/FWAGRPCClient.h; sourceTree = "<group>"; };
		8B836D0E9F6A4908D5DE5E21 /* FWARecommendationsViewController.h */ = {isa = PBXFileReference; includeInIndex = 1; lastKnownFileType = sourcecode.c.h; name = FWARecommendationsViewController.h; path = ./FunWithActivity/Screens/FWARecommendationsViewController.h; sourceTree = "<group>"; };
		A5E115D34E1DBB51DB9062EF /* FWAAddSourceViewController.h */ = {isa = PBXFileReference; includeInIndex = 1; lastKnownFileType = sourcecode.c.h; name = FWAAddSourceViewController.h; path = ./FunWithActivity/Screens/FWAAddSourceViewController.h; sourceTree = "<group>"; };
		A607A9E10611044F9A81E857 /* FWAChartGeometry.m */ = {isa = PBXFileReference; includeInIndex = 1; lastKnownFileType = sourcecode.c.objc; name = FWAChartGeometry.m; path = ./FunWithActivityCore/Charts/FWAChartGeometry.m; sourceTree = "<group>"; };
		BBBA0B457CCAF6E9706C5644 /* Pods_FunWithActivity.framework */ = {isa = PBXFileReference; explicitFileType = wrapper.framework; includeInIndex = 0; path = Pods_FunWithActivity.framework; sourceTree = BUILT_PRODUCTS_DIR; };
		BC3EAD07B125545712C669F7 /* FWAHealthKitService.m */ = {isa = PBXFileReference; includeInIndex = 1; lastKnownFileType = sourcecode.c.objc; name = FWAHealthKitService.m; path = ./FunWithActivityCore/Health/FWAHealthKitService.m; sourceTree = "<group>"; };
		BC917A51BAB321B472C4794B /* FWAServerConfig.h */ = {isa = PBXFileReference; includeInIndex = 1; lastKnownFileType = sourcecode.c.h; name = FWAServerConfig.h; path = ./FunWithActivityCore/Networking/FWAServerConfig.h; sourceTree = "<group>"; };
		BD47310A96B615887B335585 /* FunWithActivityCoreTests.xctest */ = {isa = PBXFileReference; explicitFileType = wrapper.cfbundle; includeInIndex = 0; path = FunWithActivityCoreTests.xctest; sourceTree = BUILT_PRODUCTS_DIR; };
		C2AB6F5D4ECE19C9643A7C1F /* Foundation.framework */ = {isa = PBXFileReference; lastKnownFileType = wrapper.framework; name = Foundation.framework; path = Platforms/iPhoneOS.platform/Developer/SDKs/iPhoneOS18.0.sdk/System/Library/Frameworks/Foundation.framework; sourceTree = DEVELOPER_DIR; };
		C59F6188852625B927D2720A /* FWAProviderStatusPresentationTests.m */ = {isa = PBXFileReference; includeInIndex = 1; lastKnownFileType = sourcecode.c.objc; name = FWAProviderStatusPresentationTests.m; path = ./FunWithActivityCoreTests/FWAProviderStatusPresentationTests.m; sourceTree = "<group>"; };
		CDCCD750D4950BA8668AA34F /* FWASourceStatusFormatting.h */ = {isa = PBXFileReference; includeInIndex = 1; lastKnownFileType = sourcecode.c.h; name = FWASourceStatusFormatting.h; path = ./FunWithActivity/Screens/FWASourceStatusFormatting.h; sourceTree = "<group>"; };
		CFD47DF50D1D06FEEE4AE2FC /* FWAAppState.m */ = {isa = PBXFileReference; includeInIndex = 1; lastKnownFileType = sourcecode.c.objc; name = FWAAppState.m; path = ./FunWithActivityCore/State/FWAAppState.m; sourceTree = "<group>"; };
		D4E4C168ACA53A8F75A0ACB1 /* main.m */ = {isa = PBXFileReference; includeInIndex = 1; lastKnownFileType = sourcecode.c.objc; name = main.m; path = ./FunWithActivity/Supporting/main.m; sourceTree = "<group>"; };
		DAC9D55B9E21813B853C9CCE /* Pods-FunWithActivityCore.debug.xcconfig */ = {isa = PBXFileReference; includeInIndex = 1; lastKnownFileType = text.xcconfig; name = "Pods-FunWithActivityCore.debug.xcconfig"; path = "Target Support Files/Pods-FunWithActivityCore/Pods-FunWithActivityCore.debug.xcconfig"; sourceTree = "<group>"; };
		DB9911BD48EEFA912A287F03 /* FWAChartGeometry.h */ = {isa = PBXFileReference; includeInIndex = 1; lastKnownFileType = sourcecode.c.h; name = FWAChartGeometry.h; path = ./FunWithActivityCore/Charts/FWAChartGeometry.h; sourceTree = "<group>"; };
		DC8D060F8C1BD164A6095299 /* FWASourceDetailViewController.m */ = {isa = PBXFileReference; includeInIndex = 1; lastKnownFileType = sourcecode.c.objc; name = FWASourceDetailViewController.m; path = ./FunWithActivity/Screens/FWASourceDetailViewController.m; sourceTree = "<group>"; };
		DC984202D93E52289B8E1D4F /* FWAChartView.m */ = {isa = PBXFileReference; includeInIndex = 1; lastKnownFileType = sourcecode.c.objc; name = FWAChartView.m; path = ./FunWithActivity/Screens/FWAChartView.m; sourceTree = "<group>"; };
		DED2EC9B7D868439E387F0A5 /* FWARecommendationDetailViewController.h */ = {isa = PBXFileReference; includeInIndex = 1; lastKnownFileType = sourcecode.c.h; name = FWARecommendationDetailViewController.h; path = ./FunWithActivity/Screens/FWARecommendationDetailViewController.h; sourceTree = "<group>"; };
		E33B27F06B5E65A06D0AC49C /* Pods-FunWithActivity.debug.xcconfig */ = {isa = PBXFileReference; includeInIndex = 1; lastKnownFileType = text.xcconfig; name = "Pods-FunWithActivity.debug.xcconfig"; path = "Target Support Files/Pods-FunWithActivity/Pods-FunWithActivity.debug.xcconfig"; sourceTree = "<group>"; };
		E4F7B7F3C24DDE314A1FF95F /* Pods-FunWithActivityCore.release.xcconfig */ = {isa = PBXFileReference; includeInIndex = 1; lastKnownFileType = text.xcconfig; name = "Pods-FunWithActivityCore.release.xcconfig"; path = "Target Support Files/Pods-FunWithActivityCore/Pods-FunWithActivityCore.release.xcconfig"; sourceTree = "<group>"; };
		EF5F4885533B9308F4C473F6 /* FWARecommendationsViewController.m */ = {isa = PBXFileReference; includeInIndex = 1; lastKnownFileType = sourcecode.c.objc; name = FWARecommendationsViewController.m; path = ./FunWithActivity/Screens/FWARecommendationsViewController.m; sourceTree = "<group>"; };
		F40842AE206C2C09111F4A60 /* Recommendations.pbrpc.m */ = {isa = PBXFileReference; includeInIndex = 1; lastKnownFileType = sourcecode.c.objc; name = Recommendations.pbrpc.m; path = ./FunWithActivityCore/Generated/Recommendations.pbrpc.m; sourceTree = "<group>"; };
		FB0A394C1BB0F808392D9C82 /* FWAAppState.h */ = {isa = PBXFileReference; includeInIndex = 1; lastKnownFileType = sourcecode.c.h; name = FWAAppState.h; path = ./FunWithActivityCore/State/FWAAppState.h; sourceTree = "<group>"; };
/* End PBXFileReference section */

/* Begin PBXFrameworksBuildPhase section */
		9E12F327A6083820CDBB49CC /* Frameworks */ = {
			isa = PBXFrameworksBuildPhase;
			buildActionMask = 2147483647;
			files = (
				5E992314498A4958D45DC763 /* Pods_FunWithActivityCore.framework in Frameworks */,
			);
			runOnlyForDeploymentPostprocessing = 0;
		};
		BFD4150880B85DFD73BFBB1E /* Frameworks */ = {
			isa = PBXFrameworksBuildPhase;
			buildActionMask = 2147483647;
			files = (
				65CC56FDF3E76546AB533DB4 /* Foundation.framework in Frameworks */,
				EA4AB8347B07ED6A84A3BAF0 /* libFunWithActivityCore.a in Frameworks */,
				09BF58FD5916BE2707778D80 /* Pods_FunWithActivityCoreTests.framework in Frameworks */,
			);
			runOnlyForDeploymentPostprocessing = 0;
		};
		EC53B3536A0BDB01D8A9C5DC /* Frameworks */ = {
			isa = PBXFrameworksBuildPhase;
			buildActionMask = 2147483647;
			files = (
				D75D6D3154D0A09A1F2884A2 /* Foundation.framework in Frameworks */,
				3E944F4B6F5897B6023C67E8 /* libFunWithActivityCore.a in Frameworks */,
				A3258AD534514B1CAB7270AD /* Pods_FunWithActivity.framework in Frameworks */,
			);
			runOnlyForDeploymentPostprocessing = 0;
		};
/* End PBXFrameworksBuildPhase section */

/* Begin PBXGroup section */
		08C7633DD4AFE830EC3270FE /* FunWithActivityCore */ = {
			isa = PBXGroup;
			children = (
				CBF728A978FFEB0550A0E125 /* Charts */,
				F32ECB1F54D0D9A9D4BE04CF /* Generated */,
				73FA5F3F258E442C488E2926 /* Health */,
				4557515393FF74E99211E739 /* Models */,
				9D9EBC0F4DFFD0D81FBA3BF6 /* Networking */,
				DAD87BE173B790EAC855A302 /* State */,
			);
			name = FunWithActivityCore;
			sourceTree = "<group>";
		};
		1041BF7D7D25F83B81CF488D /* Products */ = {
			isa = PBXGroup;
			children = (
				39C394AB779A009120E1C267 /* libFunWithActivityCore.a */,
				4B5789AA4DD575BA70EDEFAC /* FunWithActivity.app */,
				BD47310A96B615887B335585 /* FunWithActivityCoreTests.xctest */,
			);
			name = Products;
			sourceTree = "<group>";
		};
		4557515393FF74E99211E739 /* Models */ = {
			isa = PBXGroup;
			children = (
				8A1B978D5A4FEC0DB0FB9FF3 /* FWAProviderStatusPresentation.h */,
				0B1095B460232126A405C70A /* FWAProviderStatusPresentation.m */,
			);
			name = Models;
			sourceTree = "<group>";
		};
		51086DF7EC4EC5399FA4FA06 = {
			isa = PBXGroup;
			children = (
				1041BF7D7D25F83B81CF488D /* Products */,
				6A5E9C772E6D2E501FF4AB9E /* Frameworks */,
				08C7633DD4AFE830EC3270FE /* FunWithActivityCore */,
				9F05AF2B9DA17961D9D1BFD2 /* FunWithActivity */,
				51839F51BA75F7D33D2D55EA /* FunWithActivityCoreTests */,
				F8CD6444A452B2095EE361FC /* Pods */,
			);
			sourceTree = "<group>";
		};
		51839F51BA75F7D33D2D55EA /* FunWithActivityCoreTests */ = {
			isa = PBXGroup;
			children = (
				5CA9C6BFD28E18A2B26B3193 /* FWAChartGeometryTests.m */,
				C59F6188852625B927D2720A /* FWAProviderStatusPresentationTests.m */,
			);
			name = FunWithActivityCoreTests;
			sourceTree = "<group>";
		};
		6A5E9C772E6D2E501FF4AB9E /* Frameworks */ = {
			isa = PBXGroup;
			children = (
				D6FF6C5D987991F4EA8B2A2F /* iOS */,
				BBBA0B457CCAF6E9706C5644 /* Pods_FunWithActivity.framework */,
				6BD0C76CEF4EA8D5C7FDBC9C /* Pods_FunWithActivityCore.framework */,
				3EE39740DF8D78DF6449CB0A /* Pods_FunWithActivityCoreTests.framework */,
			);
			name = Frameworks;
			sourceTree = "<group>";
		};
		73FA5F3F258E442C488E2926 /* Health */ = {
			isa = PBXGroup;
			children = (
				3CFB1AC585D406A7D823C9B0 /* FWAHealthKitService.h */,
				BC3EAD07B125545712C669F7 /* FWAHealthKitService.m */,
			);
			name = Health;
			sourceTree = "<group>";
		};
		9D9EBC0F4DFFD0D81FBA3BF6 /* Networking */ = {
			isa = PBXGroup;
			children = (
				8B17D08B173DD51DE782C5CE /* FWAGRPCClient.h */,
				6573B8021F2CA8E994DB6354 /* FWAGRPCClient.m */,
				BC917A51BAB321B472C4794B /* FWAServerConfig.h */,
				2B945B58740A7DBBAC710BA4 /* FWAServerConfig.m */,
			);
			name = Networking;
			sourceTree = "<group>";
		};
		9F05AF2B9DA17961D9D1BFD2 /* FunWithActivity */ = {
			isa = PBXGroup;
			children = (
				A267AB6E7B0B02AA190C912C /* Screens */,
				B2272F87AF68CEB0D0B55444 /* Supporting */,
				C2E704A6719DB3E0E84E4CC6 /* Resources */,
			);
			name = FunWithActivity;
			sourceTree = "<group>";
		};
		A267AB6E7B0B02AA190C912C /* Screens */ = {
			isa = PBXGroup;
			children = (
				A5E115D34E1DBB51DB9062EF /* FWAAddSourceViewController.h */,
				4E366728FD11CFBABEFC2F0D /* FWAAddSourceViewController.m */,
				47E0082B0790D6F03308951C /* FWAChartView.h */,
				DC984202D93E52289B8E1D4F /* FWAChartView.m */,
				60A82126CDC5CAAAB85144EB /* FWAChartsViewController.h */,
				38FAF29A0C8CA40F4C40C739 /* FWAChartsViewController.m */,
				872703D6069E12F96AE4E37F /* FWAProfileViewController.h */,
				69E947B6A035B067496955F5 /* FWAProfileViewController.m */,
				DED2EC9B7D868439E387F0A5 /* FWARecommendationDetailViewController.h */,
				4F35F19CBD0BA95F5CED20B5 /* FWARecommendationDetailViewController.m */,
				8B836D0E9F6A4908D5DE5E21 /* FWARecommendationsViewController.h */,
				EF5F4885533B9308F4C473F6 /* FWARecommendationsViewController.m */,
				13C728AF2C9C181916BE7FE0 /* FWASourceDetailViewController.h */,
				DC8D060F8C1BD164A6095299 /* FWASourceDetailViewController.m */,
				CDCCD750D4950BA8668AA34F /* FWASourceStatusFormatting.h */,
				29A510D9C1C28ABED0AE4D27 /* FWASourceStatusFormatting.m */,
				0BF3282151EBFCFCB7B0B0BF /* FWASourcesViewController.h */,
				02231E0030F48DDF18723982 /* FWASourcesViewController.m */,
			);
			name = Screens;
			sourceTree = "<group>";
		};
		B2272F87AF68CEB0D0B55444 /* Supporting */ = {
			isa = PBXGroup;
			children = (
				632AE9BD72D206A8A2E4A6E6 /* AppDelegate.h */,
				65A9D9A67E35CB8D6BD60AC9 /* AppDelegate.m */,
				D4E4C168ACA53A8F75A0ACB1 /* main.m */,
			);
			name = Supporting;
			sourceTree = "<group>";
		};
		C2E704A6719DB3E0E84E4CC6 /* Resources */ = {
			isa = PBXGroup;
			children = (
				40A80778602EF0D96F23089B /* Assets.xcassets */,
			);
			name = Resources;
			sourceTree = "<group>";
		};
		CBF728A978FFEB0550A0E125 /* Charts */ = {
			isa = PBXGroup;
			children = (
				DB9911BD48EEFA912A287F03 /* FWAChartGeometry.h */,
				A607A9E10611044F9A81E857 /* FWAChartGeometry.m */,
			);
			name = Charts;
			sourceTree = "<group>";
		};
		D6FF6C5D987991F4EA8B2A2F /* iOS */ = {
			isa = PBXGroup;
			children = (
				C2AB6F5D4ECE19C9643A7C1F /* Foundation.framework */,
			);
			name = iOS;
			sourceTree = "<group>";
		};
		DAD87BE173B790EAC855A302 /* State */ = {
			isa = PBXGroup;
			children = (
				FB0A394C1BB0F808392D9C82 /* FWAAppState.h */,
				CFD47DF50D1D06FEEE4AE2FC /* FWAAppState.m */,
			);
			name = State;
			sourceTree = "<group>";
		};
		F32ECB1F54D0D9A9D4BE04CF /* Generated */ = {
			isa = PBXGroup;
			children = (
				30D4F46FB21DA597074F7FCB /* Recommendations.pbobjc.h */,
				1810C993D8850F8349898E03 /* Recommendations.pbobjc.m */,
				47D1B0F10025E1226A7B2FA3 /* Recommendations.pbrpc.h */,
				F40842AE206C2C09111F4A60 /* Recommendations.pbrpc.m */,
			);
			name = Generated;
			sourceTree = "<group>";
		};
		F8CD6444A452B2095EE361FC /* Pods */ = {
			isa = PBXGroup;
			children = (
				89ABF10D2D4B495A27807E59 /* Pods-FunWithActivity.release.xcconfig */,
				E33B27F06B5E65A06D0AC49C /* Pods-FunWithActivity.debug.xcconfig */,
				E4F7B7F3C24DDE314A1FF95F /* Pods-FunWithActivityCore.release.xcconfig */,
				DAC9D55B9E21813B853C9CCE /* Pods-FunWithActivityCore.debug.xcconfig */,
				78AC2FEEA8D9927CE5BBDDDE /* Pods-FunWithActivityCoreTests.release.xcconfig */,
				7FE7EDBA9193B8F573170E62 /* Pods-FunWithActivityCoreTests.debug.xcconfig */,
			);
			name = Pods;
			path = Pods;
			sourceTree = "<group>";
		};
/* End PBXGroup section */

/* Begin PBXHeadersBuildPhase section */
		9981817409D06A3165C46F1F /* Headers */ = {
			isa = PBXHeadersBuildPhase;
			buildActionMask = 2147483647;
			files = (
			);
			runOnlyForDeploymentPostprocessing = 0;
		};
/* End PBXHeadersBuildPhase section */

/* Begin PBXNativeTarget section */
		1EB842A01D8B06342263FEA3 /* FunWithActivityCoreTests */ = {
			isa = PBXNativeTarget;
			buildConfigurationList = 26195B53931922F6B839D420 /* Build configuration list for PBXNativeTarget "FunWithActivityCoreTests" */;
			buildPhases = (
				996AFCF75A910A5A5A319B21 /* [CP] Check Pods Manifest.lock */,
				50495E4195F1A552EE54A866 /* Sources */,
				BFD4150880B85DFD73BFBB1E /* Frameworks */,
				BF9E47890029F90A9EB7E6F1 /* Resources */,
				C25565C123B5BF9560B384DC /* [CP] Embed Pods Frameworks */,
			);
			buildRules = (
			);
			dependencies = (
				9DE96E0620CBD9D007656880 /* PBXTargetDependency */,
			);
			name = FunWithActivityCoreTests;
			productName = FunWithActivityCoreTests;
			productReference = BD47310A96B615887B335585 /* FunWithActivityCoreTests.xctest */;
			productType = "com.apple.product-type.bundle.unit-test";
		};
		A72E47C47970745B81736B94 /* FunWithActivity */ = {
			isa = PBXNativeTarget;
			buildConfigurationList = F96D0ECC8FA99BCD30AD100A /* Build configuration list for PBXNativeTarget "FunWithActivity" */;
			buildPhases = (
				D9A3333DBD6513993C7E3724 /* [CP] Check Pods Manifest.lock */,
				5E63662F9F99091F76C62FED /* Sources */,
				EC53B3536A0BDB01D8A9C5DC /* Frameworks */,
				C059DD8608D4B5EDB739C40E /* Resources */,
				E6C4427D5E4FF45DFD596651 /* [CP] Embed Pods Frameworks */,
			);
			buildRules = (
			);
			dependencies = (
				FAD1410159A40C47867F1DDE /* PBXTargetDependency */,
			);
			name = FunWithActivity;
			productName = FunWithActivity;
			productReference = 4B5789AA4DD575BA70EDEFAC /* FunWithActivity.app */;
			productType = "com.apple.product-type.application";
		};
		E596C5CE9CA0C39CBF0998B2 /* FunWithActivityCore */ = {
			isa = PBXNativeTarget;
			buildConfigurationList = CE56B46A60CB78C3254CA0A3 /* Build configuration list for PBXNativeTarget "FunWithActivityCore" */;
			buildPhases = (
				7A6B587CA798769099F80DC8 /* [CP] Check Pods Manifest.lock */,
				9981817409D06A3165C46F1F /* Headers */,
				541F677790F3EB77BB69E4A1 /* Sources */,
				9E12F327A6083820CDBB49CC /* Frameworks */,
			);
			buildRules = (
			);
			dependencies = (
			);
			name = FunWithActivityCore;
			productName = FunWithActivityCore;
			productReference = 39C394AB779A009120E1C267 /* libFunWithActivityCore.a */;
			productType = "com.apple.product-type.library.static";
		};
/* End PBXNativeTarget section */

/* Begin PBXProject section */
		48BA7B86CA850E9E72427A7B /* Project object */ = {
			isa = PBXProject;
			attributes = {
				LastSwiftUpdateCheck = 1600;
				LastUpgradeCheck = 1600;
			};
			buildConfigurationList = 05DBC4D949B207493BD92FDE /* Build configuration list for PBXProject "FunWithActivity" */;
			compatibilityVersion = "Xcode 3.2";
			developmentRegion = en;
			hasScannedForEncodings = 0;
			knownRegions = (
				en,
				Base,
			);
			mainGroup = 51086DF7EC4EC5399FA4FA06;
			minimizedProjectReferenceProxies = 0;
			preferredProjectObjectVersion = 77;
			productRefGroup = 1041BF7D7D25F83B81CF488D /* Products */;
			projectDirPath = "";
			projectRoot = "";
			targets = (
				E596C5CE9CA0C39CBF0998B2 /* FunWithActivityCore */,
				A72E47C47970745B81736B94 /* FunWithActivity */,
				1EB842A01D8B06342263FEA3 /* FunWithActivityCoreTests */,
			);
		};
/* End PBXProject section */

/* Begin PBXResourcesBuildPhase section */
		BF9E47890029F90A9EB7E6F1 /* Resources */ = {
			isa = PBXResourcesBuildPhase;
			buildActionMask = 2147483647;
			files = (
			);
			runOnlyForDeploymentPostprocessing = 0;
		};
		C059DD8608D4B5EDB739C40E /* Resources */ = {
			isa = PBXResourcesBuildPhase;
			buildActionMask = 2147483647;
			files = (
				CDBAFFC305A48B5585714C89 /* Assets.xcassets in Resources */,
			);
			runOnlyForDeploymentPostprocessing = 0;
		};
/* End PBXResourcesBuildPhase section */

/* Begin PBXShellScriptBuildPhase section */
		7A6B587CA798769099F80DC8 /* [CP] Check Pods Manifest.lock */ = {
			isa = PBXShellScriptBuildPhase;
			buildActionMask = 2147483647;
			files = (
			);
			inputFileListPaths = (
			);
			inputPaths = (
				"${PODS_PODFILE_DIR_PATH}/Podfile.lock",
				"${PODS_ROOT}/Manifest.lock",
			);
			name = "[CP] Check Pods Manifest.lock";
			outputFileListPaths = (
			);
			outputPaths = (
				"$(DERIVED_FILE_DIR)/Pods-FunWithActivityCore-checkManifestLockResult.txt",
			);
			runOnlyForDeploymentPostprocessing = 0;
			shellPath = /bin/sh;
			shellScript = "diff \"${PODS_PODFILE_DIR_PATH}/Podfile.lock\" \"${PODS_ROOT}/Manifest.lock\" > /dev/null\nif [ $? != 0 ] ; then\n    # print error to STDERR\n    echo \"error: The sandbox is not in sync with the Podfile.lock. Run 'pod install' or update your CocoaPods installation.\" >&2\n    exit 1\nfi\n# This output is used by Xcode 'outputs' to avoid re-running this script phase.\necho \"SUCCESS\" > \"${SCRIPT_OUTPUT_FILE_0}\"\n";
			showEnvVarsInLog = 0;
		};
		996AFCF75A910A5A5A319B21 /* [CP] Check Pods Manifest.lock */ = {
			isa = PBXShellScriptBuildPhase;
			buildActionMask = 2147483647;
			files = (
			);
			inputFileListPaths = (
			);
			inputPaths = (
				"${PODS_PODFILE_DIR_PATH}/Podfile.lock",
				"${PODS_ROOT}/Manifest.lock",
			);
			name = "[CP] Check Pods Manifest.lock";
			outputFileListPaths = (
			);
			outputPaths = (
				"$(DERIVED_FILE_DIR)/Pods-FunWithActivityCoreTests-checkManifestLockResult.txt",
			);
			runOnlyForDeploymentPostprocessing = 0;
			shellPath = /bin/sh;
			shellScript = "diff \"${PODS_PODFILE_DIR_PATH}/Podfile.lock\" \"${PODS_ROOT}/Manifest.lock\" > /dev/null\nif [ $? != 0 ] ; then\n    # print error to STDERR\n    echo \"error: The sandbox is not in sync with the Podfile.lock. Run 'pod install' or update your CocoaPods installation.\" >&2\n    exit 1\nfi\n# This output is used by Xcode 'outputs' to avoid re-running this script phase.\necho \"SUCCESS\" > \"${SCRIPT_OUTPUT_FILE_0}\"\n";
			showEnvVarsInLog = 0;
		};
		C25565C123B5BF9560B384DC /* [CP] Embed Pods Frameworks */ = {
			isa = PBXShellScriptBuildPhase;
			buildActionMask = 2147483647;
			files = (
			);
			inputPaths = (
				"${PODS_ROOT}/Target Support Files/Pods-FunWithActivityCoreTests/Pods-FunWithActivityCoreTests-frameworks.sh",
				"${BUILT_PRODUCTS_DIR}/BoringSSL-GRPC/openssl_grpc.framework",
				"${BUILT_PRODUCTS_DIR}/Protobuf/Protobuf.framework",
				"${BUILT_PRODUCTS_DIR}/abseil/absl.framework",
				"${BUILT_PRODUCTS_DIR}/gRPC-Core/grpc.framework",
				"${BUILT_PRODUCTS_DIR}/gRPC-ProtoRPC/ProtoRPC.framework",
				"${BUILT_PRODUCTS_DIR}/gRPC-RxLibrary/RxLibrary.framework",
				"${BUILT_PRODUCTS_DIR}/gRPC/GRPCClient.framework",
			);
			name = "[CP] Embed Pods Frameworks";
			outputPaths = (
				"${TARGET_BUILD_DIR}/${FRAMEWORKS_FOLDER_PATH}/openssl_grpc.framework",
				"${TARGET_BUILD_DIR}/${FRAMEWORKS_FOLDER_PATH}/Protobuf.framework",
				"${TARGET_BUILD_DIR}/${FRAMEWORKS_FOLDER_PATH}/absl.framework",
				"${TARGET_BUILD_DIR}/${FRAMEWORKS_FOLDER_PATH}/grpc.framework",
				"${TARGET_BUILD_DIR}/${FRAMEWORKS_FOLDER_PATH}/ProtoRPC.framework",
				"${TARGET_BUILD_DIR}/${FRAMEWORKS_FOLDER_PATH}/RxLibrary.framework",
				"${TARGET_BUILD_DIR}/${FRAMEWORKS_FOLDER_PATH}/GRPCClient.framework",
			);
			runOnlyForDeploymentPostprocessing = 0;
			shellPath = /bin/sh;
			shellScript = "\"${PODS_ROOT}/Target Support Files/Pods-FunWithActivityCoreTests/Pods-FunWithActivityCoreTests-frameworks.sh\"\n";
			showEnvVarsInLog = 0;
		};
		D9A3333DBD6513993C7E3724 /* [CP] Check Pods Manifest.lock */ = {
			isa = PBXShellScriptBuildPhase;
			buildActionMask = 2147483647;
			files = (
			);
			inputFileListPaths = (
			);
			inputPaths = (
				"${PODS_PODFILE_DIR_PATH}/Podfile.lock",
				"${PODS_ROOT}/Manifest.lock",
			);
			name = "[CP] Check Pods Manifest.lock";
			outputFileListPaths = (
			);
			outputPaths = (
				"$(DERIVED_FILE_DIR)/Pods-FunWithActivity-checkManifestLockResult.txt",
			);
			runOnlyForDeploymentPostprocessing = 0;
			shellPath = /bin/sh;
			shellScript = "diff \"${PODS_PODFILE_DIR_PATH}/Podfile.lock\" \"${PODS_ROOT}/Manifest.lock\" > /dev/null\nif [ $? != 0 ] ; then\n    # print error to STDERR\n    echo \"error: The sandbox is not in sync with the Podfile.lock. Run 'pod install' or update your CocoaPods installation.\" >&2\n    exit 1\nfi\n# This output is used by Xcode 'outputs' to avoid re-running this script phase.\necho \"SUCCESS\" > \"${SCRIPT_OUTPUT_FILE_0}\"\n";
			showEnvVarsInLog = 0;
		};
		E6C4427D5E4FF45DFD596651 /* [CP] Embed Pods Frameworks */ = {
			isa = PBXShellScriptBuildPhase;
			buildActionMask = 2147483647;
			files = (
			);
			inputPaths = (
				"${PODS_ROOT}/Target Support Files/Pods-FunWithActivity/Pods-FunWithActivity-frameworks.sh",
				"${BUILT_PRODUCTS_DIR}/BoringSSL-GRPC/openssl_grpc.framework",
				"${BUILT_PRODUCTS_DIR}/Protobuf/Protobuf.framework",
				"${BUILT_PRODUCTS_DIR}/abseil/absl.framework",
				"${BUILT_PRODUCTS_DIR}/gRPC-Core/grpc.framework",
				"${BUILT_PRODUCTS_DIR}/gRPC-ProtoRPC/ProtoRPC.framework",
				"${BUILT_PRODUCTS_DIR}/gRPC-RxLibrary/RxLibrary.framework",
				"${BUILT_PRODUCTS_DIR}/gRPC/GRPCClient.framework",
			);
			name = "[CP] Embed Pods Frameworks";
			outputPaths = (
				"${TARGET_BUILD_DIR}/${FRAMEWORKS_FOLDER_PATH}/openssl_grpc.framework",
				"${TARGET_BUILD_DIR}/${FRAMEWORKS_FOLDER_PATH}/Protobuf.framework",
				"${TARGET_BUILD_DIR}/${FRAMEWORKS_FOLDER_PATH}/absl.framework",
				"${TARGET_BUILD_DIR}/${FRAMEWORKS_FOLDER_PATH}/grpc.framework",
				"${TARGET_BUILD_DIR}/${FRAMEWORKS_FOLDER_PATH}/ProtoRPC.framework",
				"${TARGET_BUILD_DIR}/${FRAMEWORKS_FOLDER_PATH}/RxLibrary.framework",
				"${TARGET_BUILD_DIR}/${FRAMEWORKS_FOLDER_PATH}/GRPCClient.framework",
			);
			runOnlyForDeploymentPostprocessing = 0;
			shellPath = /bin/sh;
			shellScript = "\"${PODS_ROOT}/Target Support Files/Pods-FunWithActivity/Pods-FunWithActivity-frameworks.sh\"\n";
			showEnvVarsInLog = 0;
		};
/* End PBXShellScriptBuildPhase section */

/* Begin PBXSourcesBuildPhase section */
		50495E4195F1A552EE54A866 /* Sources */ = {
			isa = PBXSourcesBuildPhase;
			buildActionMask = 2147483647;
			files = (
				ED9421F9126FDB5F011B9D0A /* FWAChartGeometryTests.m in Sources */,
				CE51F2C5AE222CEF166EE2D2 /* FWAProviderStatusPresentationTests.m in Sources */,
			);
			runOnlyForDeploymentPostprocessing = 0;
		};
		541F677790F3EB77BB69E4A1 /* Sources */ = {
			isa = PBXSourcesBuildPhase;
			buildActionMask = 2147483647;
			files = (
				8BD342E96886F6E12DC4495A /* FWAChartGeometry.m in Sources */,
				EFA20462DA8950A2D875D7E9 /* Recommendations.pbobjc.m in Sources */,
				5EED003A2087B605B640522B /* Recommendations.pbrpc.m in Sources */,
				A76B526911A204CC526DCF40 /* FWAHealthKitService.m in Sources */,
				426684B26F1260F2C002A6C5 /* FWAProviderStatusPresentation.m in Sources */,
				3AD14FCEAC18F44B11CC7BDD /* FWAGRPCClient.m in Sources */,
				EBE84EA6F403801429B73C8E /* FWAServerConfig.m in Sources */,
				967541FA686C9E4D22D3990B /* FWAAppState.m in Sources */,
			);
			runOnlyForDeploymentPostprocessing = 0;
		};
		5E63662F9F99091F76C62FED /* Sources */ = {
			isa = PBXSourcesBuildPhase;
			buildActionMask = 2147483647;
			files = (
				D7957FA29E37A4D1B92E985D /* FWAAddSourceViewController.m in Sources */,
				9CDFE1FAAFDD64DE7FA94FDD /* FWAChartView.m in Sources */,
				A60C75A0414A66EA58CED822 /* FWAChartsViewController.m in Sources */,
				2F3BE40928B42B16383FB5AA /* FWAProfileViewController.m in Sources */,
				2DBB88501617AFCB7B5DD551 /* FWARecommendationDetailViewController.m in Sources */,
				C754407077D57648B1197482 /* FWARecommendationsViewController.m in Sources */,
				61EBC55411E6DA75F1E48C26 /* FWASourceDetailViewController.m in Sources */,
				EE5C2B7305A07278C7009D8D /* FWASourceStatusFormatting.m in Sources */,
				093A9FAC0598B7202072A358 /* FWASourcesViewController.m in Sources */,
				105EA71487EB140809224392 /* AppDelegate.m in Sources */,
				8A7D9B32EE1777D02B0D61B8 /* main.m in Sources */,
			);
			runOnlyForDeploymentPostprocessing = 0;
		};
/* End PBXSourcesBuildPhase section */

/* Begin PBXTargetDependency section */
		9DE96E0620CBD9D007656880 /* PBXTargetDependency */ = {
			isa = PBXTargetDependency;
			name = FunWithActivityCore;
			target = E596C5CE9CA0C39CBF0998B2 /* FunWithActivityCore */;
			targetProxy = 8FD8521E0456D5942D5A692F /* PBXContainerItemProxy */;
		};
		FAD1410159A40C47867F1DDE /* PBXTargetDependency */ = {
			isa = PBXTargetDependency;
			name = FunWithActivityCore;
			target = E596C5CE9CA0C39CBF0998B2 /* FunWithActivityCore */;
			targetProxy = F3868C5C7876F4B9D9BCF273 /* PBXContainerItemProxy */;
		};
/* End PBXTargetDependency section */

/* Begin XCBuildConfiguration section */
		44703DECEDC4A7AA9736BFF3 /* Debug */ = {
			isa = XCBuildConfiguration;
			baseConfigurationReference = 7FE7EDBA9193B8F573170E62 /* Pods-FunWithActivityCoreTests.debug.xcconfig */;
			buildSettings = {
				ALWAYS_SEARCH_USER_PATHS = NO;
				CLANG_ENABLE_MODULES = YES;
				CLANG_ENABLE_OBJC_ARC = YES;
				CLANG_ENABLE_OBJC_WEAK = NO;
				GCC_OPTIMIZATION_LEVEL = 0;
				GCC_PREPROCESSOR_DEFINITIONS = (
					"DEBUG=1",
					"$(inherited)",
				);
				GENERATE_INFOPLIST_FILE = YES;
				HEADER_SEARCH_PATHS = (
					"$(inherited)",
					"./FunWithActivityCore/**",
				);
				IPHONEOS_DEPLOYMENT_TARGET = 15.0;
				OTHER_LDFLAGS = (
					"$(inherited)",
					"-ObjC",
				);
				PRODUCT_BUNDLE_IDENTIFIER = com.funwithactivity.ios.coretests;
				PRODUCT_NAME = "$(TARGET_NAME)";
				SDKROOT = iphoneos;
			};
			name = Debug;
		};
		4E2231D033A7A20257FB66C9 /* Debug */ = {
			isa = XCBuildConfiguration;
			buildSettings = {
				ALWAYS_SEARCH_USER_PATHS = NO;
				CLANG_ANALYZER_NONNULL = YES;
				CLANG_ANALYZER_NUMBER_OBJECT_CONVERSION = YES_AGGRESSIVE;
				CLANG_CXX_LANGUAGE_STANDARD = "gnu++14";
				CLANG_CXX_LIBRARY = "libc++";
				CLANG_ENABLE_MODULES = YES;
				CLANG_ENABLE_OBJC_ARC = YES;
				CLANG_ENABLE_OBJC_WEAK = YES;
				CLANG_WARN_BLOCK_CAPTURE_AUTORELEASING = YES;
				CLANG_WARN_BOOL_CONVERSION = YES;
				CLANG_WARN_COMMA = YES;
				CLANG_WARN_CONSTANT_CONVERSION = YES;
				CLANG_WARN_DEPRECATED_OBJC_IMPLEMENTATIONS = YES;
				CLANG_WARN_DIRECT_OBJC_ISA_USAGE = YES_ERROR;
				CLANG_WARN_DOCUMENTATION_COMMENTS = YES;
				CLANG_WARN_EMPTY_BODY = YES;
				CLANG_WARN_ENUM_CONVERSION = YES;
				CLANG_WARN_INFINITE_RECURSION = YES;
				CLANG_WARN_INT_CONVERSION = YES;
				CLANG_WARN_NON_LITERAL_NULL_CONVERSION = YES;
				CLANG_WARN_OBJC_IMPLICIT_RETAIN_SELF = YES;
				CLANG_WARN_OBJC_LITERAL_CONVERSION = YES;
				CLANG_WARN_OBJC_ROOT_CLASS = YES_ERROR;
				CLANG_WARN_QUOTED_INCLUDE_IN_FRAMEWORK_HEADER = YES;
				CLANG_WARN_RANGE_LOOP_ANALYSIS = YES;
				CLANG_WARN_STRICT_PROTOTYPES = YES;
				CLANG_WARN_SUSPICIOUS_MOVE = YES;
				CLANG_WARN_UNGUARDED_AVAILABILITY = YES_AGGRESSIVE;
				CLANG_WARN_UNREACHABLE_CODE = YES;
				CLANG_WARN__DUPLICATE_METHOD_MATCH = YES;
				COPY_PHASE_STRIP = NO;
				DEBUG_INFORMATION_FORMAT = dwarf;
				ENABLE_STRICT_OBJC_MSGSEND = YES;
				ENABLE_TESTABILITY = YES;
				GCC_C_LANGUAGE_STANDARD = gnu11;
				GCC_DYNAMIC_NO_PIC = NO;
				GCC_NO_COMMON_BLOCKS = YES;
				GCC_OPTIMIZATION_LEVEL = 0;
				GCC_PREPROCESSOR_DEFINITIONS = (
					"DEBUG=1",
					"$(inherited)",
				);
				GCC_WARN_64_TO_32_BIT_CONVERSION = YES;
				GCC_WARN_ABOUT_RETURN_TYPE = YES_ERROR;
				GCC_WARN_UNDECLARED_SELECTOR = YES;
				GCC_WARN_UNINITIALIZED_AUTOS = YES_AGGRESSIVE;
				GCC_WARN_UNUSED_FUNCTION = YES;
				GCC_WARN_UNUSED_VARIABLE = YES;
				MTL_ENABLE_DEBUG_INFO = INCLUDE_SOURCE;
				MTL_FAST_MATH = YES;
				ONLY_ACTIVE_ARCH = YES;
				PRODUCT_NAME = "$(TARGET_NAME)";
				SWIFT_ACTIVE_COMPILATION_CONDITIONS = DEBUG;
				SWIFT_OPTIMIZATION_LEVEL = "-Onone";
				SWIFT_VERSION = 5.0;
			};
			name = Debug;
		};
		72519CB3B529C6384A3B21AB /* Debug */ = {
			isa = XCBuildConfiguration;
			baseConfigurationReference = DAC9D55B9E21813B853C9CCE /* Pods-FunWithActivityCore.debug.xcconfig */;
			buildSettings = {
				ALWAYS_SEARCH_USER_PATHS = NO;
				CLANG_ENABLE_MODULES = YES;
				CLANG_ENABLE_OBJC_ARC = YES;
				CLANG_ENABLE_OBJC_WEAK = NO;
				GCC_OPTIMIZATION_LEVEL = 0;
				GCC_PREPROCESSOR_DEFINITIONS = (
					"DEBUG=1",
					"$(inherited)",
					"FWA_GRPC_HOST=\\\"206.189.58.109.sslip.io:443\\\"",
					"FWA_GRPC_TOKEN=\\\"465c91937694a37cc4b040d4577f3be253b94b4216314b26\\\"",
				);
				HEADER_SEARCH_PATHS = (
					"$(inherited)",
					"./FunWithActivityCore/**",
				);
				IPHONEOS_DEPLOYMENT_TARGET = 15.0;
				OTHER_LDFLAGS = (
					"$(inherited)",
					"-ObjC",
				);
				PRODUCT_NAME = "$(TARGET_NAME)";
				SDKROOT = iphoneos;
				SKIP_INSTALL = YES;
				TARGETED_DEVICE_FAMILY = "1,2";
			};
			name = Debug;
		};
		A1E95C1C9596B180AFBD8D5E /* Release */ = {
			isa = XCBuildConfiguration;
			baseConfigurationReference = E4F7B7F3C24DDE314A1FF95F /* Pods-FunWithActivityCore.release.xcconfig */;
			buildSettings = {
				ALWAYS_SEARCH_USER_PATHS = NO;
				CLANG_ENABLE_MODULES = YES;
				CLANG_ENABLE_OBJC_ARC = YES;
				CLANG_ENABLE_OBJC_WEAK = NO;
				GCC_OPTIMIZATION_LEVEL = s;
				GCC_PREPROCESSOR_DEFINITIONS = (
					"$(inherited)",
					"FWA_GRPC_HOST=\\\"206.189.58.109.sslip.io:443\\\"",
					"FWA_GRPC_TOKEN=\\\"465c91937694a37cc4b040d4577f3be253b94b4216314b26\\\"",
				);
				HEADER_SEARCH_PATHS = (
					"$(inherited)",
					"./FunWithActivityCore/**",
				);
				IPHONEOS_DEPLOYMENT_TARGET = 15.0;
				OTHER_LDFLAGS = (
					"$(inherited)",
					"-ObjC",
				);
				PRODUCT_NAME = "$(TARGET_NAME)";
				SDKROOT = iphoneos;
				SKIP_INSTALL = YES;
				TARGETED_DEVICE_FAMILY = "1,2";
				VALIDATE_PRODUCT = YES;
			};
			name = Release;
		};
		B70561B05CC79232DF5CA8F6 /* Release */ = {
			isa = XCBuildConfiguration;
			buildSettings = {
				ALWAYS_SEARCH_USER_PATHS = NO;
				CLANG_ANALYZER_NONNULL = YES;
				CLANG_ANALYZER_NUMBER_OBJECT_CONVERSION = YES_AGGRESSIVE;
				CLANG_CXX_LANGUAGE_STANDARD = "gnu++14";
				CLANG_CXX_LIBRARY = "libc++";
				CLANG_ENABLE_MODULES = YES;
				CLANG_ENABLE_OBJC_ARC = YES;
				CLANG_ENABLE_OBJC_WEAK = YES;
				CLANG_WARN_BLOCK_CAPTURE_AUTORELEASING = YES;
				CLANG_WARN_BOOL_CONVERSION = YES;
				CLANG_WARN_COMMA = YES;
				CLANG_WARN_CONSTANT_CONVERSION = YES;
				CLANG_WARN_DEPRECATED_OBJC_IMPLEMENTATIONS = YES;
				CLANG_WARN_DIRECT_OBJC_ISA_USAGE = YES_ERROR;
				CLANG_WARN_DOCUMENTATION_COMMENTS = YES;
				CLANG_WARN_EMPTY_BODY = YES;
				CLANG_WARN_ENUM_CONVERSION = YES;
				CLANG_WARN_INFINITE_RECURSION = YES;
				CLANG_WARN_INT_CONVERSION = YES;
				CLANG_WARN_NON_LITERAL_NULL_CONVERSION = YES;
				CLANG_WARN_OBJC_IMPLICIT_RETAIN_SELF = YES;
				CLANG_WARN_OBJC_LITERAL_CONVERSION = YES;
				CLANG_WARN_OBJC_ROOT_CLASS = YES_ERROR;
				CLANG_WARN_QUOTED_INCLUDE_IN_FRAMEWORK_HEADER = YES;
				CLANG_WARN_RANGE_LOOP_ANALYSIS = YES;
				CLANG_WARN_STRICT_PROTOTYPES = YES;
				CLANG_WARN_SUSPICIOUS_MOVE = YES;
				CLANG_WARN_UNGUARDED_AVAILABILITY = YES_AGGRESSIVE;
				CLANG_WARN_UNREACHABLE_CODE = YES;
				CLANG_WARN__DUPLICATE_METHOD_MATCH = YES;
				COPY_PHASE_STRIP = NO;
				DEBUG_INFORMATION_FORMAT = "dwarf-with-dsym";
				ENABLE_NS_ASSERTIONS = NO;
				ENABLE_STRICT_OBJC_MSGSEND = YES;
				GCC_C_LANGUAGE_STANDARD = gnu11;
				GCC_NO_COMMON_BLOCKS = YES;
				GCC_WARN_64_TO_32_BIT_CONVERSION = YES;
				GCC_WARN_ABOUT_RETURN_TYPE = YES_ERROR;
				GCC_WARN_UNDECLARED_SELECTOR = YES;
				GCC_WARN_UNINITIALIZED_AUTOS = YES_AGGRESSIVE;
				GCC_WARN_UNUSED_FUNCTION = YES;
				GCC_WARN_UNUSED_VARIABLE = YES;
				MTL_ENABLE_DEBUG_INFO = NO;
				MTL_FAST_MATH = YES;
				PRODUCT_NAME = "$(TARGET_NAME)";
				SWIFT_COMPILATION_MODE = wholemodule;
				SWIFT_OPTIMIZATION_LEVEL = "-O";
				SWIFT_VERSION = 5.0;
			};
			name = Release;
		};
		D3836F957680FB445FE065BE /* Release */ = {
			isa = XCBuildConfiguration;
			baseConfigurationReference = 78AC2FEEA8D9927CE5BBDDDE /* Pods-FunWithActivityCoreTests.release.xcconfig */;
			buildSettings = {
				ALWAYS_SEARCH_USER_PATHS = NO;
				CLANG_ENABLE_MODULES = YES;
				CLANG_ENABLE_OBJC_ARC = YES;
				CLANG_ENABLE_OBJC_WEAK = NO;
				GCC_OPTIMIZATION_LEVEL = s;
				GENERATE_INFOPLIST_FILE = YES;
				HEADER_SEARCH_PATHS = (
					"$(inherited)",
					"./FunWithActivityCore/**",
				);
				IPHONEOS_DEPLOYMENT_TARGET = 15.0;
				OTHER_LDFLAGS = (
					"$(inherited)",
					"-ObjC",
				);
				PRODUCT_BUNDLE_IDENTIFIER = com.funwithactivity.ios.coretests;
				PRODUCT_NAME = "$(TARGET_NAME)";
				SDKROOT = iphoneos;
				VALIDATE_PRODUCT = YES;
			};
			name = Release;
		};
		D4C87A377D6141C63C36A416 /* Debug */ = {
			isa = XCBuildConfiguration;
			baseConfigurationReference = E33B27F06B5E65A06D0AC49C /* Pods-FunWithActivity.debug.xcconfig */;
			buildSettings = {
				ALWAYS_SEARCH_USER_PATHS = NO;
				ASSETCATALOG_COMPILER_APPICON_NAME = "";
				ASSETCATALOG_COMPILER_GLOBAL_ACCENT_COLOR_NAME = "";
				CLANG_ENABLE_MODULES = YES;
				CLANG_ENABLE_OBJC_ARC = YES;
				CLANG_ENABLE_OBJC_WEAK = NO;
				GCC_OPTIMIZATION_LEVEL = 0;
				GCC_PREPROCESSOR_DEFINITIONS = (
					"DEBUG=1",
					"$(inherited)",
				);
				HEADER_SEARCH_PATHS = (
					"$(inherited)",
					"./FunWithActivityCore/**",
					"./FunWithActivity/**",
				);
				INFOPLIST_FILE = "$(SRCROOT)/FunWithActivity/Supporting/Info.plist";
				IPHONEOS_DEPLOYMENT_TARGET = 15.0;
				LD_RUNPATH_SEARCH_PATHS = "$(inherited) @executable_path/Frameworks";
				OTHER_LDFLAGS = (
					"$(inherited)",
					"-ObjC",
				);
				PRODUCT_BUNDLE_IDENTIFIER = com.funwithactivity.ios;
				PRODUCT_NAME = FunWithActivity;
				SDKROOT = iphoneos;
				TARGETED_DEVICE_FAMILY = "1,2";
			};
			name = Debug;
		};
		F798BFAF830D1D40DD784AE2 /* Release */ = {
			isa = XCBuildConfiguration;
			baseConfigurationReference = 89ABF10D2D4B495A27807E59 /* Pods-FunWithActivity.release.xcconfig */;
			buildSettings = {
				ALWAYS_SEARCH_USER_PATHS = NO;
				ASSETCATALOG_COMPILER_APPICON_NAME = "";
				ASSETCATALOG_COMPILER_GLOBAL_ACCENT_COLOR_NAME = "";
				CLANG_ENABLE_MODULES = YES;
				CLANG_ENABLE_OBJC_ARC = YES;
				CLANG_ENABLE_OBJC_WEAK = NO;
				GCC_OPTIMIZATION_LEVEL = s;
				HEADER_SEARCH_PATHS = (
					"$(inherited)",
					"./FunWithActivityCore/**",
					"./FunWithActivity/**",
				);
				INFOPLIST_FILE = "$(SRCROOT)/FunWithActivity/Supporting/Info.plist";
				IPHONEOS_DEPLOYMENT_TARGET = 15.0;
				LD_RUNPATH_SEARCH_PATHS = "$(inherited) @executable_path/Frameworks";
				OTHER_LDFLAGS = (
					"$(inherited)",
					"-ObjC",
				);
				PRODUCT_BUNDLE_IDENTIFIER = com.funwithactivity.ios;
				PRODUCT_NAME = FunWithActivity;
				SDKROOT = iphoneos;
				TARGETED_DEVICE_FAMILY = "1,2";
				VALIDATE_PRODUCT = YES;
			};
			name = Release;
		};
/* End XCBuildConfiguration section */

/* Begin XCConfigurationList section */
		05DBC4D949B207493BD92FDE /* Build configuration list for PBXProject "FunWithActivity" */ = {
			isa = XCConfigurationList;
			buildConfigurations = (
				4E2231D033A7A20257FB66C9 /* Debug */,
				B70561B05CC79232DF5CA8F6 /* Release */,
			);
			defaultConfigurationIsVisible = 0;
			defaultConfigurationName = Release;
		};
		26195B53931922F6B839D420 /* Build configuration list for PBXNativeTarget "FunWithActivityCoreTests" */ = {
			isa = XCConfigurationList;
			buildConfigurations = (
				D3836F957680FB445FE065BE /* Release */,
				44703DECEDC4A7AA9736BFF3 /* Debug */,
			);
			defaultConfigurationIsVisible = 0;
			defaultConfigurationName = Release;
		};
		CE56B46A60CB78C3254CA0A3 /* Build configuration list for PBXNativeTarget "FunWithActivityCore" */ = {
			isa = XCConfigurationList;
			buildConfigurations = (
				A1E95C1C9596B180AFBD8D5E /* Release */,
				72519CB3B529C6384A3B21AB /* Debug */,
			);
			defaultConfigurationIsVisible = 0;
			defaultConfigurationName = Release;
		};
		F96D0ECC8FA99BCD30AD100A /* Build configuration list for PBXNativeTarget "FunWithActivity" */ = {
			isa = XCConfigurationList;
			buildConfigurations = (
				F798BFAF830D1D40DD784AE2 /* Release */,
				D4C87A377D6141C63C36A416 /* Debug */,
			);
			defaultConfigurationIsVisible = 0;
			defaultConfigurationName = Release;
		};
/* End XCConfigurationList section */
	};
	rootObject = 48BA7B86CA850E9E72427A7B /* Project object */;
}
